// !$*UTF8*$!
{
	archiveVersion = 1;
	classes = {
	};
	objectVersion = 46;
	objects = {

/* Begin PBXBuildFile section */
		95CAD78A1EDBE49200C0035E /* AppDelegate.swift in Sources */ = {isa = PBXBuildFile; fileRef = 95CAD7891EDBE49200C0035E /* AppDelegate.swift */; };
		95CAD78C1EDBE49300C0035E /* ViewController.swift in Sources */ = {isa = PBXBuildFile; fileRef = 95CAD78B1EDBE49300C0035E /* ViewController.swift */; };
		95CAD78F1EDBE49300C0035E /* Main.storyboard in Resources */ = {isa = PBXBuildFile; fileRef = 95CAD78D1EDBE49300C0035E /* Main.storyboard */; };
		95CAD7911EDBE49300C0035E /* Assets.xcassets in Resources */ = {isa = PBXBuildFile; fileRef = 95CAD7901EDBE49300C0035E /* Assets.xcassets */; };
		95CAD7941EDBE49300C0035E /* LaunchScreen.storyboard in Resources */ = {isa = PBXBuildFile; fileRef = 95CAD7921EDBE49300C0035E /* LaunchScreen.storyboard */; };
/* End PBXBuildFile section */

/* Begin PBXFileReference section */
		95CAD7861EDBE49200C0035E /* First App.app */ = {isa = PBXFileReference; explicitFileType = wrapper.application; includeInIndex = 0; path = "First App.app"; sourceTree = BUILT_PRODUCTS_DIR; };
		95CAD7891EDBE49200C0035E /* AppDelegate.swift */ = {isa = PBXFileReference; lastKnownFileType = sourcecode.swift; path = AppDelegate.swift; sourceTree = "<group>"; };
		95CAD78B1EDBE49300C0035E /* ViewController.swift */ = {isa = PBXFileReference; lastKnownFileType = sourcecode.swift; path = ViewController.swift; sourceTree = "<group>"; };
		95CAD78E1EDBE49300C0035E /* Base */ = {isa = PBXFileReference; lastKnownFileType = file.storyboard; name = Base; path = Base.lproj/Main.storyboard; sourceTree = "<group>"; };
		95CAD7901EDBE49300C0035E /* Assets.xcassets */ = {isa = PBXFileReference; lastKnownFileType = folder.assetcatalog; path = Assets.xcassets; sourceTree = "<group>"; };
		95CAD7931EDBE49300C0035E /* Base */ = {isa = PBXFileReference; lastKnownFileType = file.storyboard; name = Base; path = Base.lproj/LaunchScreen.storyboard; sourceTree = "<group>"; };
		95CAD7951EDBE49300C0035E /* Info.plist */ = {isa = PBXFileReference; lastKnownFileType = text.plist.xml; path = Info.plist; sourceTree = "<group>"; };
/* End PBXFileReference section */

/* Begin PBXFrameworksBuildPhase section */
		95CAD7831EDBE49200C0035E /* Frameworks */ = {
			isa = PBXFrameworksBuildPhase;
			buildActionMask = 2147483647;
			files = (
			);
			runOnlyForDeploymentPostprocessing = 0;
		};
/* End PBXFrameworksBuildPhase section */

/* Begin PBXGroup section */
		95CAD77D1EDBE49200C0035E = {
			isa = PBXGroup;
			children = (
				95CAD7881EDBE49200C0035E /* First App */,
				95CAD7871EDBE49200C0035E /* Products */,
			);
			sourceTree = "<group>";
		};
		95CAD7871EDBE49200C0035E /* Products */ = {
			isa = PBXGroup;
			children = (
				95CAD7861EDBE49200C0035E /* First App.app */,
			);
			name = Products;
			sourceTree = "<group>";
		};
		95CAD7881EDBE49200C0035E /* First App */ = {
			isa = PBXGroup;
			children = (
				95CAD7891EDBE49200C0035E /* AppDelegate.swift */,
				95CAD78B1EDBE49300C0035E /* ViewController.swift */,
				95CAD78D1EDBE49300C0035E /* Main.storyboard */,
				95CAD7901EDBE49300C0035E /* Assets.xcassets */,
				95CAD7921EDBE49300C0035E /* LaunchScreen.storyboard */,
				95CAD7951EDBE49300C0035E /* Info.plist */,
			);
			path = "First App";
			sourceTree = "<group>";
		};
/* End PBXGroup section */

/* Begin PBXNativeTarget section */
		95CAD7851EDBE49200C0035E /* First App */ = {
			isa = PBXNativeTarget;
			buildConfigurationList = 95CAD7981EDBE49300C0035E /* Build configuration list for PBXNativeTarget "First App" */;
			buildPhases = (
				95CAD7821EDBE49200C0035E /* Sources */,
				95CAD7831EDBE49200C0035E /* Frameworks */,
				95CAD7841EDBE49200C0035E /* Resources */,
			);
			buildRules = (
			);
			dependencies = (
			);
			name = "First App";
			productName = "First App";
			productReference = 95CAD7861EDBE49200C0035E /* First App.app */;
			productType = "com.apple.product-type.application";
		};
/* End PBXNativeTarget section */

/* Begin PBXProject section */
		95CAD77E1EDBE49200C0035E /* Project object */ = {
			isa = PBXProject;
			attributes = {
				LastUpgradeCheck = 0700;
				ORGANIZATIONNAME = "Brandon Arnold";
				TargetAttributes = {
					95CAD7851EDBE49200C0035E = {
						CreatedOnToolsVersion = 7.0;
					};
				};
			};
			buildConfigurationList = 95CAD7811EDBE49200C0035E /* Build configuration list for PBXProject "First App" */;
			compatibilityVersion = "Xcode 3.2";
			developmentRegion = English;
			hasScannedForEncodings = 0;
			knownRegions = (
				en,
				Base,
			);
			mainGroup = 95CAD77D1EDBE49200C0035E;
			productRefGroup = 95CAD7871EDBE49200C0035E /* Products */;
			projectDirPath = "";
			projectRoot = "";
			targets = (
				95CAD7851EDBE49200C0035E /* First App */,
			);
		};
/* End PBXProject section */

/* Begin PBXResourcesBuildPhase section */
		95CAD7841EDBE49200C0035E /* Resources */ = {
			isa = PBXResourcesBuildPhase;
			buildActionMask = 2147483647;
			files = (
				95CAD7941EDBE49300C0035E /* LaunchScreen.storyboard in Resources */,
				95CAD7911EDBE49300C0035E /* Assets.xcassets in Resources */,
				95CAD78F1EDBE49300C0035E /* Main.storyboard in Resources */,
			);
			runOnlyForDeploymentPostprocessing = 0;
		};
/* End PBXResourcesBuildPhase section */

/* Begin PBXSourcesBuildPhase section */
		95CAD7821EDBE49200C0035E /* Sources */ = {
			isa = PBXSourcesBuildPhase;
			buildActionMask = 2147483647;
			files = (
				95CAD78C1EDBE49300C0035E /* ViewController.swift in Sources */,
				95CAD78A1EDBE49200C0035E /* AppDelegate.swift in Sources */,
			);
			runOnlyForDeploymentPostprocessing = 0;
		};
/* End PBXSourcesBuildPhase section */

/* Begin PBXVariantGroup section */
		95CAD78D1EDBE49300C0035E /* Main.storyboard */ = {
			isa = PBXVariantGroup;
			children = (
				95CAD78E1EDBE49300C0035E /* Base */,
			);
			name = Main.storyboard;
			sourceTree = "<group>";
		};
		95CAD7921EDBE49300C0035E /* LaunchScreen.storyboard */ = {
			isa = PBXVariantGroup;
			children = (
				95CAD7931EDBE49300C0035E /* Base */,
			);
			name = LaunchScreen.storyboard;
			sourceTree = "<group>";
		};
/* End PBXVariantGroup section */

/* Begin XCBuildConfiguration section */
		95CAD7961EDBE49300C0035E /* Debug */ = {
			isa = XCBuildConfiguration;
			buildSettings = {
				ALWAYS_SEARCH_USER_PATHS = NO;
				CLANG_CXX_LANGUAGE_STANDARD = "gnu++0x";
				CLANG_CXX_LIBRARY = "libc++";
				CLANG_ENABLE_MODULES = YES;
				CLANG_ENABLE_OBJC_ARC = YES;
				CLANG_WARN_BOOL_CONVERSION = YES;
				CLANG_WARN_CONSTANT_CONVERSION = YES;
				CLANG_WARN_DIRECT_OBJC_ISA_USAGE = YES_ERROR;
				CLANG_WARN_EMPTY_BODY = YES;
				CLANG_WARN_ENUM_CONVERSION = YES;
				CLANG_WARN_INT_CONVERSION = YES;
				CLANG_WARN_OBJC_ROOT_CLASS = YES_ERROR;
				CLANG_WARN_UNREACHABLE_CODE = YES;
				CLANG_WARN__DUPLICATE_METHOD_MATCH = YES;
				"CODE_SIGN_IDENTITY[sdk=iphoneos*]" = "iPhone Developer";
				COPY_PHASE_STRIP = NO;
				DEBUG_INFORMATION_FORMAT = dwarf;
				ENABLE_STRICT_OBJC_MSGSEND = YES;
				ENABLE_TESTABILITY = YES;
				GCC_C_LANGUAGE_STANDARD = gnu99;
				GCC_DYNAMIC_NO_PIC = NO;
				GCC_NO_COMMON_BLOCKS = YES;
				GCC_OPTIMIZATION_LEVEL = 0;
				GCC_PREPROCESSOR_DEFINITIONS = (
					"DEBUG=1",
					"$(inherited)",
				);
				GCC_WARN_64_TO_32_BIT_CONVERSION = YES;
				GCC_WARN_ABOUT_RETURN_TYPE = YES_ERROR;
				GCC_WARN_UNDECLARED_SELECTOR = YES;
				GCC_WARN_UNINITIALIZED_AUTOS = YES_AGGRESSIVE;
				GCC_WARN_UNUSED_FUNCTION = YES;
				GCC_WARN_UNUSED_VARIABLE = YES;
				IPHONEOS_DEPLOYMENT_TARGET = 9.0;
				MTL_ENABLE_DEBUG_INFO = YES;
				ONLY_ACTIVE_ARCH = YES;
				SDKROOT = iphoneos;
				SWIFT_OPTIMIZATION_LEVEL = "-Onone";
				TARGETED_DEVICE_FAMILY = "1,2";
			};
			name = Debug;
		};
		95CAD7971EDBE49300C0035E /* Release */ = {
			isa = XCBuildConfiguration;
			buildSettings = {
				ALWAYS_SEARCH_USER_PATHS = NO;
				CLANG_CXX_LANGUAGE_STANDARD = "gnu++0x";
				CLANG_CXX_LIBRARY = "libc++";
				CLANG_ENABLE_MODULES = YES;
				CLANG_ENABLE_OBJC_ARC = YES;
				CLANG_WARN_BOOL_CONVERSION = YES;
				CLANG_WARN_CONSTANT_CONVERSION = YES;
				CLANG_WARN_DIRECT_OBJC_ISA_USAGE = YES_ERROR;
				CLANG_WARN_EMPTY_BODY = YES;
				CLANG_WARN_ENUM_CONVERSION = YES;
				CLANG_WARN_INT_CONVERSION = YES;
				CLANG_WARN_OBJC_ROOT_CLASS = YES_ERROR;
				CLANG_WARN_UNREACHABLE_CODE = YES;
				CLANG_WARN__DUPLICATE_METHOD_MATCH = YES;
				"CODE_SIGN_IDENTITY[sdk=iphoneos*]" = "iPhone Developer";
				COPY_PHASE_STRIP = NO;
				DEBUG_INFORMATION_FORMAT = "dwarf-with-dsym";
				ENABLE_NS_ASSERTIONS = NO;
				ENABLE_STRICT_OBJC_MSGSEND = YES;
				GCC_C_LANGUAGE_STANDARD = gnu99;
				GCC_NO_COMMON_BLOCKS = YES;
				GCC_WARN_64_TO_32_BIT_CONVERSION = YES;
				GCC_WARN_ABOUT_RETURN_TYPE = YES_ERROR;
				GCC_WARN_UNDECLARED_SELECTOR = YES;
				GCC_WARN_UNINITIALIZED_AUTOS = YES_AGGRESSIVE;
				GCC_WARN_UNUSED_FUNCTION = YES;
				GCC_WARN_UNUSED_VARIABLE = YES;
				IPHONEOS_DEPLOYMENT_TARGET = 9.0;
				MTL_ENABLE_DEBUG_INFO = NO;
				SDKROOT = iphoneos;
				TARGETED_DEVICE_FAMILY = "1,2";
				VALIDATE_PRODUCT = YES;
			};
			name = Release;
		};
		95CAD7991EDBE49300C0035E /* Debug */ = {
			isa = XCBuildConfiguration;
			buildSettings = {
				ASSETCATALOG_COMPILER_APPICON_NAME = AppIcon;
				INFOPLIST_FILE = "First App/Info.plist";
				LD_RUNPATH_SEARCH_PATHS = "$(inherited) @executable_path/Frameworks";
				PRODUCT_BUNDLE_IDENTIFIER = "com.dendobucho.First-App";
				PRODUCT_NAME = "$(TARGET_NAME)";
			};
			name = Debug;
		};
		95CAD79A1EDBE49300C0035E /* Release */ = {
			isa = XCBuildConfiguration;
			buildSettings = {
				ASSETCATALOG_COMPILER_APPICON_NAME = AppIcon;
				INFOPLIST_FILE = "First App/Info.plist";
				LD_RUNPATH_SEARCH_PATHS = "$(inherited) @executable_path/Frameworks";
				PRODUCT_BUNDLE_IDENTIFIER = "com.dendobucho.First-App";
				PRODUCT_NAME = "$(TARGET_NAME)";
			};
			name = Release;
		};
/* End XCBuildConfiguration section */

/* Begin XCConfigurationList section */
		95CAD7811EDBE49200C0035E /* Build configuration list for PBXProject "First App" */ = {
			isa = XCConfigurationList;
			buildConfigurations = (
				95CAD7961EDBE49300C0035E /* Debug */,
				95CAD7971EDBE49300C0035E /* Release */,
			);
			defaultConfigurationIsVisible = 0;
			defaultConfigurationName = Release;
		};
		95CAD7981EDBE49300C0035E /* Build configuration list for PBXNativeTarget "First App" */ = {
			isa = XCConfigurationList;
			buildConfigurations = (
				95CAD7991EDBE49300C0035E /* Debug */,
				95CAD79A1EDBE49300C0035E /* Release */,
			);
			defaultConfigurationIsVisible = 0;
		};
/* End XCConfigurationList section */
	};
	rootObject = 95CAD77E1EDBE49200C0035E /* Project object */;
}
